lockfileVersion: '9.0'

settings:
  autoInstallPeers: true
  excludeLinksFromLockfile: false

importers:

  .:
    dependencies:
      '@mysten/sui':
        specifier: ^2.3.0
        version: 2.3.0(typescript@5.9.3)
      dotenv:
        specifier: ^16.4.5
        version: 16.6.1
    devDependencies:
      '@types/node':
        specifier: ^22.5.2
        version: 22.18.8
      ts-node:
        specifier: ^10.9.2
        version: 10.9.2(@types/node@22.18.8)(typescript@5.9.3)
      typescript:
        specifier: ^5.5.4
        version: 5.9.3

packages:

  '@0no-co/graphql.web@1.2.0':
    resolution: {integrity: sha512-/1iHy9TTr63gE1YcR5idjx8UREz1s0kFhydf3bBLCXyqjhkIc6igAzTOx3zPifCwFR87tsh/4Pa9cNts6d2otw==}
    peerDependencies:
      graphql: ^14.0.0 || ^15.0.0 || ^16.0.0
    peerDependenciesMeta:
      graphql:
        optional: true

  '@0no-co/graphqlsp@1.15.2':
    resolution: {integrity: sha512-Ys031WnS3sTQQBtRTkQsYnw372OlW72ais4sp0oh2UMPRNyxxnq85zRfU4PIdoy9kWriysPT5BYAkgIxhbonFA==}
    peerDependencies:
      graphql: ^15.5.0 || ^16.0.0 || ^17.0.0
      typescript: ^5.0.0

  '@cspotcode/source-map-support@0.8.1':
    resolution: {integrity: sha512-IchNf6dN4tHoMFIn/7OE8LWZ19Y6q/67Bmf6vnGREv8RSbBVb9LPJxEcnwrcwX6ixSvaiGoomAUvu4YSxXrVgw==}
    engines: {node: '>=12'}

  '@gql.tada/cli-utils@1.7.2':
    resolution: {integrity: sha512-Qbc7hbLvCz6IliIJpJuKJa9p05b2Jona7ov7+qofCsMRxHRZE1kpAmZMvL8JCI4c0IagpIlWNaMizXEQUe8XjQ==}
    peerDependencies:
      '@0no-co/graphqlsp': ^1.12.13
      '@gql.tada/svelte-support': 1.0.1
      '@gql.tada/vue-support': 1.0.1
      graphql: ^15.5.0 || ^16.0.0 || ^17.0.0
      typescript: ^5.0.0
    peerDependenciesMeta:
      '@gql.tada/svelte-support':
        optional: true
      '@gql.tada/vue-support':
        optional: true

  '@gql.tada/internal@1.0.8':
    resolution: {integrity: sha512-XYdxJhtHC5WtZfdDqtKjcQ4d7R1s0d1rnlSs3OcBEUbYiPoJJfZU7tWsVXuv047Z6msvmr4ompJ7eLSK5Km57g==}
    peerDependencies:
      graphql: ^15.5.0 || ^16.0.0 || ^17.0.0
      typescript: ^5.0.0

  '@graphql-typed-document-node/core@3.2.0':
    resolution: {integrity: sha512-mB9oAsNCm9aM3/SOv4YtBMqZbYj10R7dkq8byBqxGY/ncFwhf2oQzMV+LCRlWoDSEBJ3COiR1yeDvMtsoOsuFQ==}
    peerDependencies:
      graphql: ^0.8.0 || ^0.9.0 || ^0.10.0 || ^0.11.0 || ^0.12.0 || ^0.13.0 || ^14.0.0 || ^15.0.0 || ^16.0.0 || ^17.0.0

  '@jridgewell/resolve-uri@3.1.2':
    resolution: {integrity: sha512-bRISgCIjP20/tbWSPWMEi54QVPRZExkuD9lJL+UIxUKtwVJA8wW1Trb1jMs1RFXo1CBTNZ/5hpC9QvmKWdopKw==}
    engines: {node: '>=6.0.0'}

  '@jridgewell/sourcemap-codec@1.5.5':
    resolution: {integrity: sha512-cYQ9310grqxueWbl+WuIUIaiUaDcj7WOq5fVhEljNVgRfOUhY9fy2zTvfoqWsnebh8Sl70VScFbICvJnLKB0Og==}

  '@jridgewell/trace-mapping@0.3.9':
    resolution: {integrity: sha512-3Belt6tdc8bPgAtbcmdtNJlirVoTmEb5e2gC94PnkwEW9jI6CAHUeoG85tjWP5WquqfavoMtMwiG4P926ZKKuQ==}

  '@mysten/bcs@2.0.1':
    resolution: {integrity: sha512-/q1uC5Vw/RjXzR4fE9QiIwmTvRx9BstduxkR1j1Z5EbE7ZJynLkFKcJJlXRcnnEytIPcsyiR+TkQixzSbz3msQ==}

  '@mysten/sui@2.3.0':
    resolution: {integrity: sha512-VCpVKN8mdiEgVnzRb8MUa89+GxsBThFzOYKvnbcIThJ20/82nC8OSDWL9BW687+aArsxi5mA7fmo5uH1MeS6Tw==}
    engines: {node: '>=22'}

  '@mysten/utils@0.3.0':
    resolution: {integrity: sha512-paVyFTP+1yHXDO8uorU6YuT1EAIh/GMKXeHbxtGFPJbLzwc5jk1qfUMrks/S7MAwJHMOHcSOx+e2Mwx8ejaIew==}

  '@noble/curves@2.0.1':
    resolution: {integrity: sha512-vs1Az2OOTBiP4q0pwjW5aF0xp9n4MxVrmkFBxc6EKZc6ddYx5gaZiAsZoq0uRRXWbi3AT/sBqn05eRPtn1JCPw==}
    engines: {node: '>= 20.19.0'}

  '@noble/hashes@2.0.1':
    resolution: {integrity: sha512-XlOlEbQcE9fmuXxrVTXCTlG2nlRXa9Rj3rr5Ue/+tX+nmkgbX720YHh0VR3hBF9xDvwnb8D2shVGOwNx+ulArw==}
    engines: {node: '>= 20.19.0'}

  '@protobuf-ts/grpcweb-transport@2.11.1':
    resolution: {integrity: sha512-1W4utDdvOB+RHMFQ0soL4JdnxjXV+ddeGIUg08DvZrA8Ms6k5NN6GBFU2oHZdTOcJVpPrDJ02RJlqtaoCMNBtw==}

  '@protobuf-ts/runtime-rpc@2.11.1':
    resolution: {integrity: sha512-4CqqUmNA+/uMz00+d3CYKgElXO9VrEbucjnBFEjqI4GuDrEQ32MaI3q+9qPBvIGOlL4PmHXrzM32vBPWRhQKWQ==}

  '@protobuf-ts/runtime@2.11.1':
    resolution: {integrity: sha512-KuDaT1IfHkugM2pyz+FwiY80ejWrkH1pAtOBOZFuR6SXEFTsnb/jiQWQ1rCIrcKx2BtyxnxW6BWwsVSA/Ie+WQ==}

  '@scure/base@2.0.0':
    resolution: {integrity: sha512-3E1kpuZginKkek01ovG8krQ0Z44E3DHPjc5S2rjJw9lZn3KSQOs8S7wqikF/AH7iRanHypj85uGyxk0XAyC37w==}

  '@scure/bip32@2.0.1':
    resolution: {integrity: sha512-4Md1NI5BzoVP+bhyJaY3K6yMesEFzNS1sE/cP+9nuvE7p/b0kx9XbpDHHFl8dHtufcbdHRUUQdRqLIPHN/s7yA==}

  '@scure/bip39@2.0.1':
    resolution: {integrity: sha512-PsxdFj/d2AcJcZDX1FXN3dDgitDDTmwf78rKZq1a6c1P1Nan1X/Sxc7667zU3U+AN60g7SxxP0YCVw2H/hBycg==}

  '@tsconfig/node10@1.0.11':
    resolution: {integrity: sha512-DcRjDCujK/kCk/cUe8Xz8ZSpm8mS3mNNpta+jGCA6USEDfktlNvm1+IuZ9eTcDbNk41BHwpHHeW+N1lKCz4zOw==}

  '@tsconfig/node12@1.0.11':
    resolution: {integrity: sha512-cqefuRsh12pWyGsIoBKJA9luFu3mRxCA+ORZvA4ktLSzIuCUtWVxGIuXigEwO5/ywWFMZ2QEGKWvkZG1zDMTag==}

  '@tsconfig/node14@1.0.3':
    resolution: {integrity: sha512-ysT8mhdixWK6Hw3i1V2AeRqZ5WfXg1G43mqoYlM2nc6388Fq5jcXyr5mRsqViLx/GJYdoL0bfXD8nmF+Zn/Iow==}

  '@tsconfig/node16@1.0.4':
    resolution: {integrity: sha512-vxhUy4J8lyeyinH7Azl1pdd43GJhZH/tP2weN8TntQblOY+A0XbT8DJk1/oCPuOOyg/Ja757rG0CgHcWC8OfMA==}

  '@types/node@22.18.8':
    resolution: {integrity: sha512-pAZSHMiagDR7cARo/cch1f3rXy0AEXwsVsVH09FcyeJVAzCnGgmYis7P3JidtTUjyadhTeSo8TgRPswstghDaw==}

  acorn-walk@8.3.4:
    resolution: {integrity: sha512-ueEepnujpqee2o5aIYnvHU6C0A42MNdsIDeqy5BydrkuC5R1ZuUFnm27EeFJGoEHJQgn3uleRvmTXaJgfXbt4g==}
    engines: {node: '>=0.4.0'}

  acorn@8.15.0:
    resolution: {integrity: sha512-NZyJarBfL7nWwIq+FDL6Zp/yHEhePMNnnJ0y3qfieCrmNvYct8uvtiV41UvlSe6apAfk0fY1FbWx+NwfmpvtTg==}
    engines: {node: '>=0.4.0'}
    hasBin: true

  arg@4.1.3:
    resolution: {integrity: sha512-58S9QDqG0Xx27YwPSt9fJxivjYl432YCwfDMfZ+71RAqUrZef7LrKQZ3LHLOwCS4FLNBplP533Zx895SeOCHvA==}

  create-require@1.1.1:
    resolution: {integrity: sha512-dcKFX3jn0MpIaXjisoRvexIJVEKzaq7z2rZKxf+MSr9TkdmHmsU4m2lcLojrj/FHl8mk5VxMmYA+ftRkP/3oKQ==}

  diff@4.0.2:
    resolution: {integrity: sha512-58lmxKSA4BNyLz+HHMUzlOEpg09FV+ev6ZMe3vJihgdxzgcwZ8VoEEPmALCZG9LmqfVoNMMKpttIYTVG6uDY7A==}
    engines: {node: '>=0.3.1'}

  dotenv@16.6.1:
    resolution: {integrity: sha512-uBq4egWHTcTt33a72vpSG0z3HnPuIl6NqYcTrKEg2azoEyl2hpW0zqlxysq2pK9HlDIHyHyakeYaYnSAwd8bow==}
    engines: {node: '>=12'}

  gql.tada@1.9.0:
    resolution: {integrity: sha512-1LMiA46dRs5oF7Qev6vMU32gmiNvM3+3nHoQZA9K9j2xQzH8xOAWnnJrLSbZOFHTSdFxqn86TL6beo1/7ja/aA==}
    hasBin: true
    peerDependencies:
      typescript: ^5.0.0

  graphql@16.12.0:
    resolution: {integrity: sha512-DKKrynuQRne0PNpEbzuEdHlYOMksHSUI8Zc9Unei5gTsMNA2/vMpoMz/yKba50pejK56qj98qM0SjYxAKi13gQ==}
    engines: {node: ^12.22.0 || ^14.16.0 || ^16.0.0 || >=17.0.0}

  make-error@1.3.6:
    resolution: {integrity: sha512-s8UhlNe7vPKomQhC1qFelMokr/Sc3AgNbso3n74mVPA5LTZwkB9NlXf4XPamLxJE8h0gh73rM94xvwRT2CVInw==}

  poseidon-lite@0.2.1:
    resolution: {integrity: sha512-xIr+G6HeYfOhCuswdqcFpSX47SPhm0EpisWJ6h7fHlWwaVIvH3dLnejpatrtw6Xc6HaLrpq05y7VRfvDmDGIog==}

  ts-node@10.9.2:
    resolution: {integrity: sha512-f0FFpIdcHgn8zcPSbf1dRevwt047YMnaiJM3u2w2RewrB+fob/zePZcrOyQoLMMO7aBIddLcQIEK5dYjkLnGrQ==}
    hasBin: true
    peerDependencies:
      '@swc/core': '>=1.2.50'
      '@swc/wasm': '>=1.2.50'
      '@types/node': '*'
      typescript: '>=2.7'
    peerDependenciesMeta:
      '@swc/core':
        optional: true
      '@swc/wasm':
        optional: true

  typescript@5.9.3:
    resolution: {integrity: sha512-jl1vZzPDinLr9eUt3J/t7V6FgNEw9QjvBPdysz9KfQDD41fQrC2Y4vKQdiaUpFT4bXlb1RHhLpp8wtm6M5TgSw==}
    engines: {node: '>=14.17'}
    hasBin: true

  undici-types@6.21.0:
    resolution: {integrity: sha512-iwDZqg0QAGrg9Rav5H4n0M64c3mkR59cJ6wQp+7C4nI0gsmExaedaYLNO44eT4AtBBwjbTiGPMlt2Md0T9H9JQ==}

  v8-compile-cache-lib@3.0.1:
    resolution: {integrity: sha512-wa7YjyUGfNZngI/vtK0UHAN+lgDCxBPCylVXGp0zu59Fz5aiGtNXaq3DhIov063MorB+VfufLh3JlF2KdTK3xg==}

  valibot@1.2.0:
    resolution: {integrity: sha512-mm1rxUsmOxzrwnX5arGS+U4T25RdvpPjPN4yR0u9pUBov9+zGVtO84tif1eY4r6zWxVxu3KzIyknJy3rxfRZZg==}
    peerDependencies:
      typescript: '>=5'
    peerDependenciesMeta:
      typescript:
        optional: true

  yn@3.1.1:
    resolution: {integrity: sha512-Ux4ygGWsu2c7isFWe8Yu1YluJmqVhxqK2cLXNQA5AcC3QfbGNpM7fu0Y8b/z16pXLnFxZYvWhd3fhBY9DLmC6Q==}
    engines: {node: '>=6'}

snapshots:

  '@0no-co/graphql.web@1.2.0(graphql@16.12.0)':
    optionalDependencies:
      graphql: 16.12.0

  '@0no-co/graphqlsp@1.15.2(graphql@16.12.0)(typescript@5.9.3)':
    dependencies:
      '@gql.tada/internal': 1.0.8(graphql@16.12.0)(typescript@5.9.3)
      graphql: 16.12.0
      typescript: 5.9.3

  '@cspotcode/source-map-support@0.8.1':
    dependencies:
      '@jridgewell/trace-mapping': 0.3.9

  '@gql.tada/cli-utils@1.7.2(@0no-co/graphqlsp@1.15.2(graphql@16.12.0)(typescript@5.9.3))(graphql@16.12.0)(typescript@5.9.3)':
    dependencies:
      '@0no-co/graphqlsp': 1.15.2(graphql@16.12.0)(typescript@5.9.3)
      '@gql.tada/internal': 1.0.8(graphql@16.12.0)(typescript@5.9.3)
      graphql: 16.12.0
      typescript: 5.9.3

  '@gql.tada/internal@1.0.8(graphql@16.12.0)(typescript@5.9.3)':
    dependencies:
      '@0no-co/graphql.web': 1.2.0(graphql@16.12.0)
      graphql: 16.12.0
      typescript: 5.9.3

  '@graphql-typed-document-node/core@3.2.0(graphql@16.12.0)':
    dependencies:
      graphql: 16.12.0

  '@jridgewell/resolve-uri@3.1.2': {}

  '@jridgewell/sourcemap-codec@1.5.5': {}

  '@jridgewell/trace-mapping@0.3.9':
    dependencies:
      '@jridgewell/resolve-uri': 3.1.2
      '@jridgewell/sourcemap-codec': 1.5.5

  '@mysten/bcs@2.0.1':
    dependencies:
      '@mysten/utils': 0.3.0
      '@scure/base': 2.0.0

  '@mysten/sui@2.3.0(typescript@5.9.3)':
    dependencies:
      '@graphql-typed-document-node/core': 3.2.0(graphql@16.12.0)
      '@mysten/bcs': 2.0.1
      '@mysten/utils': 0.3.0
      '@noble/curves': 2.0.1
      '@noble/hashes': 2.0.1
      '@protobuf-ts/grpcweb-transport': 2.11.1
      '@protobuf-ts/runtime': 2.11.1
      '@protobuf-ts/runtime-rpc': 2.11.1
      '@scure/base': 2.0.0
      '@scure/bip32': 2.0.1
      '@scure/bip39': 2.0.1
      gql.tada: 1.9.0(graphql@16.12.0)(typescript@5.9.3)
      graphql: 16.12.0
      poseidon-lite: 0.2.1
      valibot: 1.2.0(typescript@5.9.3)
    transitivePeerDependencies:
      - '@gql.tada/svelte-support'
      - '@gql.tada/vue-support'
      - typescript

  '@mysten/utils@0.3.0':
    dependencies:
      '@scure/base': 2.0.0

  '@noble/curves@2.0.1':
    dependencies:
      '@noble/hashes': 2.0.1

  '@noble/hashes@2.0.1': {}

  '@protobuf-ts/grpcweb-transport@2.11.1':
    dependencies:
      '@protobuf-ts/runtime': 2.11.1
      '@protobuf-ts/runtime-rpc': 2.11.1

  '@protobuf-ts/runtime-rpc@2.11.1':
    dependencies:
      '@protobuf-ts/runtime': 2.11.1

  '@protobuf-ts/runtime@2.11.1': {}

  '@scure/base@2.0.0': {}

  '@scure/bip32@2.0.1':
    dependencies:
      '@noble/curves': 2.0.1
      '@noble/hashes': 2.0.1
      '@scure/base': 2.0.0

  '@scure/bip39@2.0.1':
    dependencies:
      '@noble/hashes': 2.0.1
      '@scure/base': 2.0.0

  '@tsconfig/node10@1.0.11': {}

  '@tsconfig/node12@1.0.11': {}

  '@tsconfig/node14@1.0.3': {}

  '@tsconfig/node16@1.0.4': {}

  '@types/node@22.18.8':
    dependencies:
      undici-types: 6.21.0

  acorn-walk@8.3.4:
    dependencies:
      acorn: 8.15.0

  acorn@8.15.0: {}

  arg@4.1.3: {}

  create-require@1.1.1: {}

  diff@4.0.2: {}

  dotenv@16.6.1: {}

  gql.tada@1.9.0(graphql@16.12.0)(typescript@5.9.3):
    dependencies:
      '@0no-co/graphql.web': 1.2.0(graphql@16.12.0)
      '@0no-co/graphqlsp': 1.15.2(graphql@16.12.0)(typescript@5.9.3)
      '@gql.tada/cli-utils': 1.7.2(@0no-co/graphqlsp@1.15.2(graphql@16.12.0)(typescript@5.9.3))(graphql@16.12.0)(typescript@5.9.3)
      '@gql.tada/internal': 1.0.8(graphql@16.12.0)(typescript@5.9.3)
      typescript: 5.9.3
    transitivePeerDependencies:
      - '@gql.tada/svelte-support'
      - '@gql.tada/vue-support'
      - graphql

  graphql@16.12.0: {}

  make-error@1.3.6: {}

  poseidon-lite@0.2.1: {}

  ts-node@10.9.2(@types/node@22.18.8)(typescript@5.9.3):
    dependencies:
      '@cspotcode/source-map-support': 0.8.1
      '@tsconfig/node10': 1.0.11
      '@tsconfig/node12': 1.0.11
      '@tsconfig/node14': 1.0.3
      '@tsconfig/node16': 1.0.4
      '@types/node': 22.18.8
      acorn: 8.15.0
      acorn-walk: 8.3.4
      arg: 4.1.3
      create-require: 1.1.1
      diff: 4.0.2
      make-error: 1.3.6
      typescript: 5.9.3
      v8-compile-cache-lib: 3.0.1
      yn: 3.1.1

  typescript@5.9.3: {}

  undici-types@6.21.0: {}

  v8-compile-cache-lib@3.0.1: {}

  valibot@1.2.0(typescript@5.9.3):
    optionalDependencies:
      typescript: 5.9.3

  yn@3.1.1: {}
