# Generated by move; do not edit
# This file should be checked in.

[move]
version = 4

[pinned.testnet.MoveStdlib]
source = { git = "https://github.com/MystenLabs/sui.git", subdir = "crates/sui-framework/packages/move-stdlib", rev = "563c15820b27dec9cbe75f826a3b6243ef44da1a" }
use_environment = "testnet"
manifest_digest = "C4FE4C91DE74CBF223B2E380AE40F592177D21870DC2D7EB6227D2D694E05363"
deps = {}

[pinned.testnet.MoveStdlib_1]
source = { git = "https://github.com/MystenLabs/sui.git", subdir = "crates/sui-framework/packages/move-stdlib", rev = "a4185da5659d8d299d34e1bb2515ff1f7e32a20a" }
use_environment = "testnet"
manifest_digest = "C4FE4C91DE74CBF223B2E380AE40F592177D21870DC2D7EB6227D2D694E05363"
deps = {}

[pinned.testnet.Sui]
source = { git = "https://github.com/MystenLabs/sui.git", subdir = "crates/sui-framework/packages/sui-framework", rev = "563c15820b27dec9cbe75f826a3b6243ef44da1a" }
use_environment = "testnet"
manifest_digest = "7AFB66695545775FBFBB2D3078ADFD084244D5002392E837FDE21D9EA1C6D01C"
deps = { MoveStdlib = "MoveStdlib" }

[pinned.testnet.Sui_1]
source = { git = "https://github.com/MystenLabs/sui.git", subdir = "crates/sui-framework/packages/sui-framework", rev = "a4185da5659d8d299d34e1bb2515ff1f7e32a20a" }
use_environment = "testnet"
manifest_digest = "7AFB66695545775FBFBB2D3078ADFD084244D5002392E837FDE21D9EA1C6D01C"
deps = { MoveStdlib = "MoveStdlib_1" }

[pinned.testnet.ctf]
source = { root = true }
use_environment = "testnet"
manifest_digest = "113F74D1707A24E667BF7EB2A923494B650B9FEFB72A4DDD0C52BE2DAAD3FBA6"
deps = { std = "MoveStdlib", sui = "Sui", usdc = "usdc" }

[pinned.testnet.stablecoin]
source = { git = "https://github.com/circlefin/stablecoin-sui.git", subdir = "packages/stablecoin", rev = "d0904aec1bbe46b38f811654070032363a5a2966" }
use_environment = "testnet"
manifest_digest = "CA8A8C98A033B13B98F0E9D48DA2051BB8943A549EE1F9C080A84F7B9FAF0F0C"
deps = { Sui = "Sui_1", sui_extensions = "sui_extensions" }

[pinned.testnet.sui_extensions]
source = { git = "https://github.com/circlefin/stablecoin-sui.git", subdir = "packages/sui_extensions", rev = "d0904aec1bbe46b38f811654070032363a5a2966" }
use_environment = "testnet"
manifest_digest = "1AD09726AC05F000A00A1E0CB700C2036E67E05ACD42D402DD6B54FF2EFBB1E9"
deps = { Sui = "Sui_1" }

[pinned.testnet.usdc]
source = { git = "https://github.com/circlefin/stablecoin-sui.git", subdir = "packages/usdc", rev = "d0904aec1bbe46b38f811654070032363a5a2966" }
use_environment = "testnet"
manifest_digest = "ABCB372881B4AA0562116087311A98C504CD81780C15E124BB70CD13E5A21CE4"
deps = { Sui = "Sui_1", stablecoin = "stablecoin", sui_extensions = "sui_extensions" }
