# @generated by Move, please check-in and do not edit manually.

[move]
version = 3
manifest_digest = "126734ECE6CB3DEAB0DC716ACD7D3114DBCCD48ED4122BDBCAFF81249A4DD637"
deps_digest = "F8BBB0CCB2491CA29A3DF03D6F92277A4F3574266507ACD77214D37ECA3F3082"
dependencies = [
  { id = "Sui", name = "Sui" },
]

[[move.package]]
id = "MoveStdlib"
source = { git = "https://github.com/MystenLabs/sui.git", rev = "framework/mainnet", subdir = "crates/sui-framework/packages/move-stdlib" }

[[move.package]]
id = "Sui"
source = { git = "https://github.com/MystenLabs/sui.git", rev = "framework/mainnet", subdir = "crates/sui-framework/packages/sui-framework" }

dependencies = [
  { id = "MoveStdlib", name = "MoveStdlib" },
]

[move.toolchain-version]
compiler-version = "1.58.1"
edition = "2024.beta"
flavor = "sui"

[env]

[env.testnet]
chain-id = "4c78adac"
original-published-id = "0x9603a31f4b3f32843b819b8ed85a5dd3929bf1919c6693465ad7468f9788ef39"
latest-published-id = "0x9603a31f4b3f32843b819b8ed85a5dd3929bf1919c6693465ad7468f9788ef39"
published-version = "1"

[env.mainnet]
chain-id = "35834a8a"
original-published-id = "0x68754fbe4553285775440a9a3d88720fcad7adc678d24f83f5d429ba8a237583"
latest-published-id = "0x68754fbe4553285775440a9a3d88720fcad7adc678d24f83f5d429ba8a237583"
published-version = "1"
